{
  "lockfile_version": 1,
  "os": "Ubuntu 20.04.4 LTS",
  "r_version": "R version 4.1.3 (2022-03-10)",
  "platform": "x86_64-pc-linux-gnu",
  "packages": [
    {
      "ref": "deps::.",
      "package": "msdh.vaccination-deps",
      "version": "0.0.0.9000",
      "type": "deps",
      "direct": true,
      "binary": false,
      "dependencies": [],
      "vignettes": false,
      "metadata": {
        "RemotePkgRef": "deps::.",
        "RemoteType": "deps"
      },
      "sources": [],
      "target": "src/contrib/msdh.vaccination-deps_0.0.0.9000.tar.gz",
      "platform": "source",
      "rversion": "*",
      "directpkg": true,
      "license": "`use_mit_license()`, `use_gpl3_license()` or friends to pick a license",
      "dep_types": ["Depends", "Imports", "LinkingTo", "Suggests", "Enhances"],
      "params": [],
      "install_args": ""
    },
    {
      "ref": "cli",
      "package": "cli",
      "version": "3.2.0",
      "type": "standard",
      "direct": false,
      "binary": false,
      "dependencies": ["glue"],
      "vignettes": false,
      "needscompilation": true,
      "metadata": {
        "RemoteType": "standard",
        "RemotePkgRef": "cli",
        "RemoteRef": "cli",
        "RemoteRepos": "https://cloud.r-project.org",
        "RemotePkgPlatform": "source",
        "RemoteSha": "3.2.0"
      },
      "sources": ["https://cloud.r-project.org/src/contrib/cli_3.2.0.tar.gz", "https://cloud.r-project.org/src/contrib/Archive/cli_3.2.0.tar.gz"],
      "target": "src/contrib/cli_3.2.0.tar.gz",
      "platform": "source",
      "rversion": "*",
      "directpkg": false,
      "license": "MIT + file LICENSE",
      "sha256": "cd5a1b754d09de33f088f25ecdb0494100f9a42bc0a66622bfd7d8ec5498e862",
      "filesize": 493192,
      "dep_types": ["Depends", "Imports", "LinkingTo"],
      "params": [],
      "install_args": "",
      "repotype": "cran"
    },
    {
      "ref": "glue",
      "package": "glue",
      "version": "1.6.2",
      "type": "standard",
      "direct": false,
      "binary": false,
      "dependencies": [],
      "vignettes": false,
      "needscompilation": true,
      "metadata": {
        "RemoteType": "standard",
        "RemotePkgRef": "glue",
        "RemoteRef": "glue",
        "RemoteRepos": "https://cloud.r-project.org",
        "RemotePkgPlatform": "source",
        "RemoteSha": "1.6.2"
      },
      "sources": ["https://cloud.r-project.org/src/contrib/glue_1.6.2.tar.gz", "https://cloud.r-project.org/src/contrib/Archive/glue_1.6.2.tar.gz"],
      "target": "src/contrib/glue_1.6.2.tar.gz",
      "platform": "source",
      "rversion": "*",
      "directpkg": false,
      "license": "MIT + file LICENSE",
      "sha256": "9da518f12be584c90e75fe8e07f711ee3f6fc0d03d817f72c25dc0f66499fdbf",
      "filesize": 106510,
      "dep_types": ["Depends", "Imports", "LinkingTo"],
      "params": [],
      "install_args": "",
      "repotype": "cran"
    },
    {
      "ref": "any::sessioninfo",
      "package": "sessioninfo",
      "version": "1.2.2",
      "type": "any",
      "direct": true,
      "binary": false,
      "dependencies": ["cli"],
      "vignettes": false,
      "needscompilation": false,
      "metadata": {
        "RemoteType": "any",
        "RemotePkgRef": "any::sessioninfo",
        "RemoteRef": "any::sessioninfo",
        "RemoteRepos": "https://cloud.r-project.org",
        "RemotePkgPlatform": "source",
        "RemoteSha": "1.2.2"
      },
      "sources": ["https://cloud.r-project.org/src/contrib/sessioninfo_1.2.2.tar.gz", "https://cloud.r-project.org/src/contrib/Archive/sessioninfo_1.2.2.tar.gz"],
      "target": "src/contrib/sessioninfo_1.2.2.tar.gz",
      "platform": "source",
      "rversion": "*",
      "directpkg": true,
      "license": "GPL-2",
      "sha256": "f56283857c53ac8691e3747ed48fe03e893d8ff348235bff7364658bcfb0c7cb",
      "filesize": 170924,
      "dep_types": ["Depends", "Imports", "LinkingTo"],
      "params": [],
      "install_args": "",
      "repotype": "cran"
    }
  ],
  "sysreqs": {
    "os": "ubuntu",
    "os_release": "20.04",
    "url": "https://packagemanager.rstudio.com/__api__/repos/1/sysreqs?distribution=ubuntu&release=20.04",
    "pre_install": [],
    "install_scripts": [],
    "post_install": []
  }
}
